// !$*UTF8*$!
{
	archiveVersion = 1;
	classes = {
	};
	objectVersion = 46;
	objects = {

/* Begin PBXBuildFile section */
		055F5B341ACB029D00B0B500 /* AppDelegate.swift in Sources */ = {isa = PBXBuildFile; fileRef = 055F5B331ACB029D00B0B500 /* AppDelegate.swift */; };
		055F5B361ACB029D00B0B500 /* ViewController.swift in Sources */ = {isa = PBXBuildFile; fileRef = 055F5B351ACB029D00B0B500 /* ViewController.swift */; };
		055F5B391ACB029D00B0B500 /* Main.storyboard in Resources */ = {isa = PBXBuildFile; fileRef = 055F5B371ACB029D00B0B500 /* Main.storyboard */; };
		055F5B3B1ACB029D00B0B500 /* Images.xcassets in Resources */ = {isa = PBXBuildFile; fileRef = 055F5B3A1ACB029D00B0B500 /* Images.xcassets */; };
		055F5B3E1ACB029D00B0B500 /* LaunchScreen.xib in Resources */ = {isa = PBXBuildFile; fileRef = 055F5B3C1ACB029D00B0B500 /* LaunchScreen.xib */; };
		055F5B4A1ACB029E00B0B500 /* TindergramTests.swift in Sources */ = {isa = PBXBuildFile; fileRef = 055F5B491ACB029E00B0B500 /* TindergramTests.swift */; };
		055F5B551ACB031800B0B500 /* CardView.swift in Sources */ = {isa = PBXBuildFile; fileRef = 055F5B541ACB031800B0B500 /* CardView.swift */; };
		055F5B571ACB0A4800B0B500 /* SwipeView.swift in Sources */ = {isa = PBXBuildFile; fileRef = 055F5B561ACB0A4800B0B500 /* SwipeView.swift */; };
		055F5B5A1ACB0D8300B0B500 /* CardsViewController.swift in Sources */ = {isa = PBXBuildFile; fileRef = 055F5B591ACB0D8300B0B500 /* CardsViewController.swift */; };
		05D14E111AD6DB2100754A06 /* Parse.framework in Frameworks */ = {isa = PBXBuildFile; fileRef = 05D14E0F1AD6DB2100754A06 /* Parse.framework */; };
		05D14E121AD6DB2100754A06 /* ParseFacebookUtils.framework in Frameworks */ = {isa = PBXBuildFile; fileRef = 05D14E101AD6DB2100754A06 /* ParseFacebookUtils.framework */; };
		05D14E141AD6DB7900754A06 /* AudioToolbox.framework in Frameworks */ = {isa = PBXBuildFile; fileRef = 05D14E131AD6DB7900754A06 /* AudioToolbox.framework */; };
		05D14E161AD6DB8300754A06 /* CFNetwork.framework in Frameworks */ = {isa = PBXBuildFile; fileRef = 05D14E151AD6DB8300754A06 /* CFNetwork.framework */; };
		05D14E181AD6DB8C00754A06 /* CoreGraphics.framework in Frameworks */ = {isa = PBXBuildFile; fileRef = 05D14E171AD6DB8C00754A06 /* CoreGraphics.framework */; };
		05D14E1A1AD6DB9800754A06 /* CoreLocation.framework in Frameworks */ = {isa = PBXBuildFile; fileRef = 05D14E191AD6DB9800754A06 /* CoreLocation.framework */; };
		05D14E1C1AD6DBA200754A06 /* MobileCoreServices.framework in Frameworks */ = {isa = PBXBuildFile; fileRef = 05D14E1B1AD6DBA200754A06 /* MobileCoreServices.framework */; };
		05D14E1E1AD6DBAA00754A06 /* QuartzCore.framework in Frameworks */ = {isa = PBXBuildFile; fileRef = 05D14E1D1AD6DBAA00754A06 /* QuartzCore.framework */; };
		05D14E201AD6DBB200754A06 /* Security.framework in Frameworks */ = {isa = PBXBuildFile; fileRef = 05D14E1F1AD6DBB200754A06 /* Security.framework */; };
		05D14E221AD6DBBA00754A06 /* StoreKit.framework in Frameworks */ = {isa = PBXBuildFile; fileRef = 05D14E211AD6DBBA00754A06 /* StoreKit.framework */; };
		05D14E241AD6DBC200754A06 /* SystemConfiguration.framework in Frameworks */ = {isa = PBXBuildFile; fileRef = 05D14E231AD6DBC200754A06 /* SystemConfiguration.framework */; };
		05D14E261AD6DBCB00754A06 /* libz.dylib in Frameworks */ = {isa = PBXBuildFile; fileRef = 05D14E251AD6DBCB00754A06 /* libz.dylib */; };
		05D14E281AD6DBDC00754A06 /* libsqlite3.dylib in Frameworks */ = {isa = PBXBuildFile; fileRef = 05D14E271AD6DBDC00754A06 /* libsqlite3.dylib */; };
		D1BF3F89ADBC73EB9F309D41 /* libPods.a in Frameworks */ = {isa = PBXBuildFile; fileRef = 7EFE77E8F78EC8B3A6CA9739 /* libPods.a */; };
/* End PBXBuildFile section */

/* Begin PBXContainerItemProxy section */
		055F5B441ACB029E00B0B500 /* PBXContainerItemProxy */ = {
			isa = PBXContainerItemProxy;
			containerPortal = 055F5B261ACB029D00B0B500 /* Project object */;
			proxyType = 1;
			remoteGlobalIDString = 055F5B2D1ACB029D00B0B500;
			remoteInfo = Tindergram;
		};
/* End PBXContainerItemProxy section */

/* Begin PBXFileReference section */
		055F5B2E1ACB029D00B0B500 /* Tindergram.app */ = {isa = PBXFileReference; explicitFileType = wrapper.application; includeInIndex = 0; path = Tindergram.app; sourceTree = BUILT_PRODUCTS_DIR; };
		055F5B321ACB029D00B0B500 /* Info.plist */ = {isa = PBXFileReference; lastKnownFileType = text.plist.xml; path = Info.plist; sourceTree = "<group>"; };
		055F5B331ACB029D00B0B500 /* AppDelegate.swift */ = {isa = PBXFileReference; lastKnownFileType = sourcecode.swift; path = AppDelegate.swift; sourceTree = "<group>"; };
		055F5B351ACB029D00B0B500 /* ViewController.swift */ = {isa = PBXFileReference; lastKnownFileType = sourcecode.swift; path = ViewController.swift; sourceTree = "<group>"; };
		055F5B381ACB029D00B0B500 /* Base */ = {isa = PBXFileReference; lastKnownFileType = file.storyboard; name = Base; path = Base.lproj/Main.storyboard; sourceTree = "<group>"; };
		055F5B3A1ACB029D00B0B500 /* Images.xcassets */ = {isa = PBXFileReference; lastKnownFileType = folder.assetcatalog; path = Images.xcassets; sourceTree = "<group>"; };
		055F5B3D1ACB029D00B0B500 /* Base */ = {isa = PBXFileReference; lastKnownFileType = file.xib; name = Base; path = Base.lproj/LaunchScreen.xib; sourceTree = "<group>"; };
		055F5B431ACB029E00B0B500 /* TindergramTests.xctest */ = {isa = PBXFileReference; explicitFileType = wrapper.cfbundle; includeInIndex = 0; path = TindergramTests.xctest; sourceTree = BUILT_PRODUCTS_DIR; };
		055F5B481ACB029E00B0B500 /* Info.plist */ = {isa = PBXFileReference; lastKnownFileType = text.plist.xml; path = Info.plist; sourceTree = "<group>"; };
		055F5B491ACB029E00B0B500 /* TindergramTests.swift */ = {isa = PBXFileReference; lastKnownFileType = sourcecode.swift; path = TindergramTests.swift; sourceTree = "<group>"; };
		055F5B541ACB031800B0B500 /* CardView.swift */ = {isa = PBXFileReference; fileEncoding = 4; lastKnownFileType = sourcecode.swift; path = CardView.swift; sourceTree = "<group>"; };
		055F5B561ACB0A4800B0B500 /* SwipeView.swift */ = {isa = PBXFileReference; fileEncoding = 4; lastKnownFileType = sourcecode.swift; path = SwipeView.swift; sourceTree = "<group>"; };
		055F5B591ACB0D8300B0B500 /* CardsViewController.swift */ = {isa = PBXFileReference; fileEncoding = 4; lastKnownFileType = sourcecode.swift; path = CardsViewController.swift; sourceTree = "<group>"; };
		05D14E0F1AD6DB2100754A06 /* Parse.framework */ = {isa = PBXFileReference; lastKnownFileType = wrapper.framework; path = Parse.framework; sourceTree = "<group>"; };
		05D14E101AD6DB2100754A06 /* ParseFacebookUtils.framework */ = {isa = PBXFileReference; lastKnownFileType = wrapper.framework; path = ParseFacebookUtils.framework; sourceTree = "<group>"; };
		05D14E131AD6DB7900754A06 /* AudioToolbox.framework */ = {isa = PBXFileReference; lastKnownFileType = wrapper.framework; name = AudioToolbox.framework; path = System/Library/Frameworks/AudioToolbox.framework; sourceTree = SDKROOT; };
		05D14E151AD6DB8300754A06 /* CFNetwork.framework */ = {isa = PBXFileReference; lastKnownFileType = wrapper.framework; name = CFNetwork.framework; path = System/Library/Frameworks/CFNetwork.framework; sourceTree = SDKROOT; };
		05D14E171AD6DB8C00754A06 /* CoreGraphics.framework */ = {isa = PBXFileReference; lastKnownFileType = wrapper.framework; name = CoreGraphics.framework; path = System/Library/Frameworks/CoreGraphics.framework; sourceTree = SDKROOT; };
		05D14E191AD6DB9800754A06 /* CoreLocation.framework */ = {isa = PBXFileReference; lastKnownFileType = wrapper.framework; name = CoreLocation.framework; path = System/Library/Frameworks/CoreLocation.framework; sourceTree = SDKROOT; };
		05D14E1B1AD6DBA200754A06 /* MobileCoreServices.framework */ = {isa = PBXFileReference; lastKnownFileType = wrapper.framework; name = MobileCoreServices.framework; path = System/Library/Frameworks/MobileCoreServices.framework; sourceTree = SDKROOT; };
		05D14E1D1AD6DBAA00754A06 /* QuartzCore.framework */ = {isa = PBXFileReference; lastKnownFileType = wrapper.framework; name = QuartzCore.framework; path = System/Library/Frameworks/QuartzCore.framework; sourceTree = SDKROOT; };
		05D14E1F1AD6DBB200754A06 /* Security.framework */ = {isa = PBXFileReference; lastKnownFileType = wrapper.framework; name = Security.framework; path = System/Library/Frameworks/Security.framework; sourceTree = SDKROOT; };
		05D14E211AD6DBBA00754A06 /* StoreKit.framework */ = {isa = PBXFileReference; lastKnownFileType = wrapper.framework; name = StoreKit.framework; path = System/Library/Frameworks/StoreKit.framework; sourceTree = SDKROOT; };
		05D14E231AD6DBC200754A06 /* SystemConfiguration.framework */ = {isa = PBXFileReference; lastKnownFileType = wrapper.framework; name = SystemConfiguration.framework; path = System/Library/Frameworks/SystemConfiguration.framework; sourceTree = SDKROOT; };
		05D14E251AD6DBCB00754A06 /* libz.dylib */ = {isa = PBXFileReference; lastKnownFileType = "compiled.mach-o.dylib"; name = libz.dylib; path = usr/lib/libz.dylib; sourceTree = SDKROOT; };
		05D14E271AD6DBDC00754A06 /* libsqlite3.dylib */ = {isa = PBXFileReference; lastKnownFileType = "compiled.mach-o.dylib"; name = libsqlite3.dylib; path = usr/lib/libsqlite3.dylib; sourceTree = SDKROOT; };
		05D14E291AD6DC6E00754A06 /* Bridging-Header.h */ = {isa = PBXFileReference; lastKnownFileType = sourcecode.c.h; path = "Bridging-Header.h"; sourceTree = "<group>"; };
		3444F4F3EB79DD61290DE72B /* Pods.debug.xcconfig */ = {isa = PBXFileReference; includeInIndex = 1; lastKnownFileType = text.xcconfig; name = Pods.debug.xcconfig; path = "Pods/Target Support Files/Pods/Pods.debug.xcconfig"; sourceTree = "<group>"; };
		7EFE77E8F78EC8B3A6CA9739 /* libPods.a */ = {isa = PBXFileReference; explicitFileType = archive.ar; includeInIndex = 0; path = libPods.a; sourceTree = BUILT_PRODUCTS_DIR; };
		AC0DA32EEC34CEA16F615EC2 /* Pods.release.xcconfig */ = {isa = PBXFileReference; includeInIndex = 1; lastKnownFileType = text.xcconfig; name = Pods.release.xcconfig; path = "Pods/Target Support Files/Pods/Pods.release.xcconfig"; sourceTree = "<group>"; };
/* End PBXFileReference section */

/* Begin PBXFrameworksBuildPhase section */
		055F5B2B1ACB029D00B0B500 /* Frameworks */ = {
			isa = PBXFrameworksBuildPhase;
			buildActionMask = 2147483647;
			files = (
				05D14E281AD6DBDC00754A06 /* libsqlite3.dylib in Frameworks */,
				05D14E261AD6DBCB00754A06 /* libz.dylib in Frameworks */,
				05D14E241AD6DBC200754A06 /* SystemConfiguration.framework in Frameworks */,
				05D14E221AD6DBBA00754A06 /* StoreKit.framework in Frameworks */,
				05D14E201AD6DBB200754A06 /* Security.framework in Frameworks */,
				05D14E1E1AD6DBAA00754A06 /* QuartzCore.framework in Frameworks */,
				05D14E1C1AD6DBA200754A06 /* MobileCoreServices.framework in Frameworks */,
				05D14E1A1AD6DB9800754A06 /* CoreLocation.framework in Frameworks */,
				05D14E181AD6DB8C00754A06 /* CoreGraphics.framework in Frameworks */,
				05D14E161AD6DB8300754A06 /* CFNetwork.framework in Frameworks */,
				05D14E141AD6DB7900754A06 /* AudioToolbox.framework in Frameworks */,
				05D14E121AD6DB2100754A06 /* ParseFacebookUtils.framework in Frameworks */,
				05D14E111AD6DB2100754A06 /* Parse.framework in Frameworks */,
				D1BF3F89ADBC73EB9F309D41 /* libPods.a in Frameworks */,
			);
			runOnlyForDeploymentPostprocessing = 0;
		};
		055F5B401ACB029E00B0B500 /* Frameworks */ = {
			isa = PBXFrameworksBuildPhase;
			buildActionMask = 2147483647;
			files = (
			);
			runOnlyForDeploymentPostprocessing = 0;
		};
/* End PBXFrameworksBuildPhase section */

/* Begin PBXGroup section */
		055F5B251ACB029D00B0B500 = {
			isa = PBXGroup;
			children = (
				055F5B301ACB029D00B0B500 /* Tindergram */,
				055F5B461ACB029E00B0B500 /* TindergramTests */,
				055F5B2F1ACB029D00B0B500 /* Products */,
				E55D7637129ADB0783CD9E90 /* Pods */,
				064A7FF44B8588E837E3D18D /* Frameworks */,
			);
			sourceTree = "<group>";
		};
		055F5B2F1ACB029D00B0B500 /* Products */ = {
			isa = PBXGroup;
			children = (
				055F5B2E1ACB029D00B0B500 /* Tindergram.app */,
				055F5B431ACB029E00B0B500 /* TindergramTests.xctest */,
			);
			name = Products;
			sourceTree = "<group>";
		};
		055F5B301ACB029D00B0B500 /* Tindergram */ = {
			isa = PBXGroup;
			children = (
				055F5B331ACB029D00B0B500 /* AppDelegate.swift */,
				055F5B581ACB0D5800B0B500 /* ViewControllers */,
				055F5B531ACB02E200B0B500 /* Views */,
				055F5B371ACB029D00B0B500 /* Main.storyboard */,
				055F5B3A1ACB029D00B0B500 /* Images.xcassets */,
				055F5B3C1ACB029D00B0B500 /* LaunchScreen.xib */,
				055F5B311ACB029D00B0B500 /* Supporting Files */,
				05D14E0E1AD6DAED00754A06 /* Frameworks */,
			);
			path = Tindergram;
			sourceTree = "<group>";
		};
		055F5B311ACB029D00B0B500 /* Supporting Files */ = {
			isa = PBXGroup;
			children = (
				055F5B321ACB029D00B0B500 /* Info.plist */,
				05D14E291AD6DC6E00754A06 /* Bridging-Header.h */,
			);
			name = "Supporting Files";
			sourceTree = "<group>";
		};
		055F5B461ACB029E00B0B500 /* TindergramTests */ = {
			isa = PBXGroup;
			children = (
				055F5B491ACB029E00B0B500 /* TindergramTests.swift */,
				055F5B471ACB029E00B0B500 /* Supporting Files */,
			);
			path = TindergramTests;
			sourceTree = "<group>";
		};
		055F5B471ACB029E00B0B500 /* Supporting Files */ = {
			isa = PBXGroup;
			children = (
				055F5B481ACB029E00B0B500 /* Info.plist */,
			);
			name = "Supporting Files";
			sourceTree = "<group>";
		};
		055F5B531ACB02E200B0B500 /* Views */ = {
			isa = PBXGroup;
			children = (
				055F5B541ACB031800B0B500 /* CardView.swift */,
				055F5B561ACB0A4800B0B500 /* SwipeView.swift */,
			);
			name = Views;
			sourceTree = "<group>";
		};
		055F5B581ACB0D5800B0B500 /* ViewControllers */ = {
			isa = PBXGroup;
			children = (
				055F5B351ACB029D00B0B500 /* ViewController.swift */,
				055F5B591ACB0D8300B0B500 /* CardsViewController.swift */,
			);
			name = ViewControllers;
			sourceTree = "<group>";
		};
		05D14E0E1AD6DAED00754A06 /* Frameworks */ = {
			isa = PBXGroup;
			children = (
				05D14E271AD6DBDC00754A06 /* libsqlite3.dylib */,
				05D14E251AD6DBCB00754A06 /* libz.dylib */,
				05D14E231AD6DBC200754A06 /* SystemConfiguration.framework */,
				05D14E211AD6DBBA00754A06 /* StoreKit.framework */,
				05D14E1F1AD6DBB200754A06 /* Security.framework */,
				05D14E1D1AD6DBAA00754A06 /* QuartzCore.framework */,
				05D14E1B1AD6DBA200754A06 /* MobileCoreServices.framework */,
				05D14E191AD6DB9800754A06 /* CoreLocation.framework */,
				05D14E171AD6DB8C00754A06 /* CoreGraphics.framework */,
				05D14E151AD6DB8300754A06 /* CFNetwork.framework */,
				05D14E131AD6DB7900754A06 /* AudioToolbox.framework */,
				05D14E0F1AD6DB2100754A06 /* Parse.framework */,
				05D14E101AD6DB2100754A06 /* ParseFacebookUtils.framework */,
			);
			name = Frameworks;
			sourceTree = "<group>";
		};
		064A7FF44B8588E837E3D18D /* Frameworks */ = {
			isa = PBXGroup;
			children = (
				7EFE77E8F78EC8B3A6CA9739 /* libPods.a */,
			);
			name = Frameworks;
			sourceTree = "<group>";
		};
		E55D7637129ADB0783CD9E90 /* Pods */ = {
			isa = PBXGroup;
			children = (
				3444F4F3EB79DD61290DE72B /* Pods.debug.xcconfig */,
				AC0DA32EEC34CEA16F615EC2 /* Pods.release.xcconfig */,
			);
			name = Pods;
			sourceTree = "<group>";
		};
/* End PBXGroup section */

/* Begin PBXNativeTarget section */
		055F5B2D1ACB029D00B0B500 /* Tindergram */ = {
			isa = PBXNativeTarget;
			buildConfigurationList = 055F5B4D1ACB029E00B0B500 /* Build configuration list for PBXNativeTarget "Tindergram" */;
			buildPhases = (
				3433E0F0478F992085B6F965 /* Check Pods Manifest.lock */,
				055F5B2A1ACB029D00B0B500 /* Sources */,
				055F5B2B1ACB029D00B0B500 /* Frameworks */,
				055F5B2C1ACB029D00B0B500 /* Resources */,
				71B3EBE756E0F3486DE760DF /* Copy Pods Resources */,
			);
			buildRules = (
			);
			dependencies = (
			);
			name = Tindergram;
			productName = Tindergram;
			productReference = 055F5B2E1ACB029D00B0B500 /* Tindergram.app */;
			productType = "com.apple.product-type.application";
		};
		055F5B421ACB029E00B0B500 /* TindergramTests */ = {
			isa = PBXNativeTarget;
			buildConfigurationList = 055F5B501ACB029E00B0B500 /* Build configuration list for PBXNativeTarget "TindergramTests" */;
			buildPhases = (
				055F5B3F1ACB029E00B0B500 /* Sources */,
				055F5B401ACB029E00B0B500 /* Frameworks */,
				055F5B411ACB029E00B0B500 /* Resources */,
			);
			buildRules = (
			);
			dependencies = (
				055F5B451ACB029E00B0B500 /* PBXTargetDependency */,
			);
			name = TindergramTests;
			productName = TindergramTests;
			productReference = 055F5B431ACB029E00B0B500 /* TindergramTests.xctest */;
			productType = "com.apple.product-type.bundle.unit-test";
		};
/* End PBXNativeTarget section */

/* Begin PBXProject section */
		055F5B261ACB029D00B0B500 /* Project object */ = {
			isa = PBXProject;
			attributes = {
				LastUpgradeCheck = 0620;
				ORGANIZATIONNAME = thomas;
				TargetAttributes = {
					055F5B2D1ACB029D00B0B500 = {
						CreatedOnToolsVersion = 6.2;
					};
					055F5B421ACB029E00B0B500 = {
						CreatedOnToolsVersion = 6.2;
						TestTargetID = 055F5B2D1ACB029D00B0B500;
					};
				};
			};
			buildConfigurationList = 055F5B291ACB029D00B0B500 /* Build configuration list for PBXProject "Tindergram" */;
			compatibilityVersion = "Xcode 3.2";
			developmentRegion = English;
			hasScannedForEncodings = 0;
			knownRegions = (
				en,
				Base,
			);
			mainGroup = 055F5B251ACB029D00B0B500;
			productRefGroup = 055F5B2F1ACB029D00B0B500 /* Products */;
			projectDirPath = "";
			projectRoot = "";
			targets = (
				055F5B2D1ACB029D00B0B500 /* Tindergram */,
				055F5B421ACB029E00B0B500 /* TindergramTests */,
			);
		};
/* End PBXProject section */

/* Begin PBXResourcesBuildPhase section */
		055F5B2C1ACB029D00B0B500 /* Resources */ = {
			isa = PBXResourcesBuildPhase;
			buildActionMask = 2147483647;
			files = (
				055F5B391ACB029D00B0B500 /* Main.storyboard in Resources */,
				055F5B3E1ACB029D00B0B500 /* LaunchScreen.xib in Resources */,
				055F5B3B1ACB029D00B0B500 /* Images.xcassets in Resources */,
			);
			runOnlyForDeploymentPostprocessing = 0;
		};
		055F5B411ACB029E00B0B500 /* Resources */ = {
			isa = PBXResourcesBuildPhase;
			buildActionMask = 2147483647;
			files = (
			);
			runOnlyForDeploymentPostprocessing = 0;
		};
/* End PBXResourcesBuildPhase section */

/* Begin PBXShellScriptBuildPhase section */
		3433E0F0478F992085B6F965 /* Check Pods Manifest.lock */ = {
			isa = PBXShellScriptBuildPhase;
			buildActionMask = 2147483647;
			files = (
			);
			inputPaths = (
			);
			name = "Check Pods Manifest.lock";
			outputPaths = (
			);
			runOnlyForDeploymentPostprocessing = 0;
			shellPath = /bin/sh;
			shellScript = "diff \"${PODS_ROOT}/../Podfile.lock\" \"${PODS_ROOT}/Manifest.lock\" > /dev/null\nif [[ $? != 0 ]] ; then\n    cat << EOM\nerror: The sandbox is not in sync with the Podfile.lock. Run 'pod install' or update your CocoaPods installation.\nEOM\n    exit 1\nfi\n";
			showEnvVarsInLog = 0;
		};
		71B3EBE756E0F3486DE760DF /* Copy Pods Resources */ = {
			isa = PBXShellScriptBuildPhase;
			buildActionMask = 2147483647;
			files = (
			);
			inputPaths = (
			);
			name = "Copy Pods Resources";
			outputPaths = (
			);
			runOnlyForDeploymentPostprocessing = 0;
			shellPath = /bin/sh;
			shellScript = "\"${SRCROOT}/Pods/Target Support Files/Pods/Pods-resources.sh\"\n";
			showEnvVarsInLog = 0;
		};
/* End PBXShellScriptBuildPhase section */

/* Begin PBXSourcesBuildPhase section */
		055F5B2A1ACB029D00B0B500 /* Sources */ = {
			isa = PBXSourcesBuildPhase;
			buildActionMask = 2147483647;
			files = (
				055F5B361ACB029D00B0B500 /* ViewController.swift in Sources */,
				055F5B571ACB0A4800B0B500 /* SwipeView.swift in Sources */,
				055F5B5A1ACB0D8300B0B500 /* CardsViewController.swift in Sources */,
				055F5B551ACB031800B0B500 /* CardView.swift in Sources */,
				055F5B341ACB029D00B0B500 /* AppDelegate.swift in Sources */,
			);
			runOnlyForDeploymentPostprocessing = 0;
		};
		055F5B3F1ACB029E00B0B500 /* Sources */ = {
			isa = PBXSourcesBuildPhase;
			buildActionMask = 2147483647;
			files = (
				055F5B4A1ACB029E00B0B500 /* TindergramTests.swift in Sources */,
			);
			runOnlyForDeploymentPostprocessing = 0;
		};
/* End PBXSourcesBuildPhase section */

/* Begin PBXTargetDependency section */
		055F5B451ACB029E00B0B500 /* PBXTargetDependency */ = {
			isa = PBXTargetDependency;
			target = 055F5B2D1ACB029D00B0B500 /* Tindergram */;
			targetProxy = 055F5B441ACB029E00B0B500 /* PBXContainerItemProxy */;
		};
/* End PBXTargetDependency section */

/* Begin PBXVariantGroup section */
		055F5B371ACB029D00B0B500 /* Main.storyboard */ = {
			isa = PBXVariantGroup;
			children = (
				055F5B381ACB029D00B0B500 /* Base */,
			);
			name = Main.storyboard;
			sourceTree = "<group>";
		};
		055F5B3C1ACB029D00B0B500 /* LaunchScreen.xib */ = {
			isa = PBXVariantGroup;
			children = (
				055F5B3D1ACB029D00B0B500 /* Base */,
			);
			name = LaunchScreen.xib;
			sourceTree = "<group>";
		};
/* End PBXVariantGroup section */

/* Begin XCBuildConfiguration section */
		055F5B4B1ACB029E00B0B500 /* Debug */ = {
			isa = XCBuildConfiguration;
			buildSettings = {
				ALWAYS_SEARCH_USER_PATHS = NO;
				CLANG_CXX_LANGUAGE_STANDARD = "gnu++0x";
				CLANG_CXX_LIBRARY = "libc++";
				CLANG_ENABLE_MODULES = YES;
				CLANG_ENABLE_OBJC_ARC = YES;
				CLANG_WARN_BOOL_CONVERSION = YES;
				CLANG_WARN_CONSTANT_CONVERSION = YES;
				CLANG_WARN_DIRECT_OBJC_ISA_USAGE = YES_ERROR;
				CLANG_WARN_EMPTY_BODY = YES;
				CLANG_WARN_ENUM_CONVERSION = YES;
				CLANG_WARN_INT_CONVERSION = YES;
				CLANG_WARN_OBJC_ROOT_CLASS = YES_ERROR;
				CLANG_WARN_UNREACHABLE_CODE = YES;
				CLANG_WARN__DUPLICATE_METHOD_MATCH = YES;
				"CODE_SIGN_IDENTITY[sdk=iphoneos*]" = "iPhone Developer";
				COPY_PHASE_STRIP = NO;
				ENABLE_STRICT_OBJC_MSGSEND = YES;
				GCC_C_LANGUAGE_STANDARD = gnu99;
				GCC_DYNAMIC_NO_PIC = NO;
				GCC_OPTIMIZATION_LEVEL = 0;
				GCC_PREPROCESSOR_DEFINITIONS = (
					"DEBUG=1",
					"$(inherited)",
				);
				GCC_SYMBOLS_PRIVATE_EXTERN = NO;
				GCC_WARN_64_TO_32_BIT_CONVERSION = YES;
				GCC_WARN_ABOUT_RETURN_TYPE = YES_ERROR;
				GCC_WARN_UNDECLARED_SELECTOR = YES;
				GCC_WARN_UNINITIALIZED_AUTOS = YES_AGGRESSIVE;
				GCC_WARN_UNUSED_FUNCTION = YES;
				GCC_WARN_UNUSED_VARIABLE = YES;
				IPHONEOS_DEPLOYMENT_TARGET = 8.2;
				MTL_ENABLE_DEBUG_INFO = YES;
				ONLY_ACTIVE_ARCH = YES;
				SDKROOT = iphoneos;
				SWIFT_OPTIMIZATION_LEVEL = "-Onone";
				TARGETED_DEVICE_FAMILY = "1,2";
			};
			name = Debug;
		};
		055F5B4C1ACB029E00B0B500 /* Release */ = {
			isa = XCBuildConfiguration;
			buildSettings = {
				ALWAYS_SEARCH_USER_PATHS = NO;
				CLANG_CXX_LANGUAGE_STANDARD = "gnu++0x";
				CLANG_CXX_LIBRARY = "libc++";
				CLANG_ENABLE_MODULES = YES;
				CLANG_ENABLE_OBJC_ARC = YES;
				CLANG_WARN_BOOL_CONVERSION = YES;
				CLANG_WARN_CONSTANT_CONVERSION = YES;
				CLANG_WARN_DIRECT_OBJC_ISA_USAGE = YES_ERROR;
				CLANG_WARN_EMPTY_BODY = YES;
				CLANG_WARN_ENUM_CONVERSION = YES;
				CLANG_WARN_INT_CONVERSION = YES;
				CLANG_WARN_OBJC_ROOT_CLASS = YES_ERROR;
				CLANG_WARN_UNREACHABLE_CODE = YES;
				CLANG_WARN__DUPLICATE_METHOD_MATCH = YES;
				"CODE_SIGN_IDENTITY[sdk=iphoneos*]" = "iPhone Developer";
				COPY_PHASE_STRIP = NO;
				ENABLE_NS_ASSERTIONS = NO;
				ENABLE_STRICT_OBJC_MSGSEND = YES;
				GCC_C_LANGUAGE_STANDARD = gnu99;
				GCC_WARN_64_TO_32_BIT_CONVERSION = YES;
				GCC_WARN_ABOUT_RETURN_TYPE = YES_ERROR;
				GCC_WARN_UNDECLARED_SELECTOR = YES;
				GCC_WARN_UNINITIALIZED_AUTOS = YES_AGGRESSIVE;
				GCC_WARN_UNUSED_FUNCTION = YES;
				GCC_WARN_UNUSED_VARIABLE = YES;
				IPHONEOS_DEPLOYMENT_TARGET = 8.2;
				MTL_ENABLE_DEBUG_INFO = NO;
				SDKROOT = iphoneos;
				TARGETED_DEVICE_FAMILY = "1,2";
				VALIDATE_PRODUCT = YES;
			};
			name = Release;
		};
		055F5B4E1ACB029E00B0B500 /* Debug */ = {
			isa = XCBuildConfiguration;
			baseConfigurationReference = 3444F4F3EB79DD61290DE72B /* Pods.debug.xcconfig */;
			buildSettings = {
				ASSETCATALOG_COMPILER_APPICON_NAME = AppIcon;
				FRAMEWORK_SEARCH_PATHS = (
					"$(inherited)",
					"$(PROJECT_DIR)/Tindergram",
				);
				INFOPLIST_FILE = Tindergram/Info.plist;
				LD_RUNPATH_SEARCH_PATHS = "$(inherited) @executable_path/Frameworks";
				PRODUCT_NAME = "$(TARGET_NAME)";
				SWIFT_OBJC_BRIDGING_HEADER = "Tindergram/Bridging-Header.h";
			};
			name = Debug;
		};
		055F5B4F1ACB029E00B0B500 /* Release */ = {
			isa = XCBuildConfiguration;
			baseConfigurationReference = AC0DA32EEC34CEA16F615EC2 /* Pods.release.xcconfig */;
			buildSettings = {
				ASSETCATALOG_COMPILER_APPICON_NAME = AppIcon;
				FRAMEWORK_SEARCH_PATHS = (
					"$(inherited)",
					"$(PROJECT_DIR)/Tindergram",
				);
				INFOPLIST_FILE = Tindergram/Info.plist;
				LD_RUNPATH_SEARCH_PATHS = "$(inherited) @executable_path/Frameworks";
				PRODUCT_NAME = "$(TARGET_NAME)";
				SWIFT_OBJC_BRIDGING_HEADER = "Tindergram/Bridging-Header.h";
			};
			name = Release;
		};
		055F5B511ACB029E00B0B500 /* Debug */ = {
			isa = XCBuildConfiguration;
			buildSettings = {
				BUNDLE_LOADER = "$(TEST_HOST)";
				FRAMEWORK_SEARCH_PATHS = (
					"$(SDKROOT)/Developer/Library/Frameworks",
					"$(inherited)",
				);
				GCC_PREPROCESSOR_DEFINITIONS = (
					"DEBUG=1",
					"$(inherited)",
				);
				INFOPLIST_FILE = TindergramTests/Info.plist;
				LD_RUNPATH_SEARCH_PATHS = "$(inherited) @executable_path/Frameworks @loader_path/Frameworks";
				PRODUCT_NAME = "$(TARGET_NAME)";
				TEST_HOST = "$(BUILT_PRODUCTS_DIR)/Tindergram.app/Tindergram";
			};
			name = Debug;
		};
		055F5B521ACB029E00B0B500 /* Release */ = {
			isa = XCBuildConfiguration;
			buildSettings = {
				BUNDLE_LOADER = "$(TEST_HOST)";
				FRAMEWORK_SEARCH_PATHS = (
					"$(SDKROOT)/Developer/Library/Frameworks",
					"$(inherited)",
				);
				INFOPLIST_FILE = TindergramTests/Info.plist;
				LD_RUNPATH_SEARCH_PATHS = "$(inherited) @executable_path/Frameworks @loader_path/Frameworks";
				PRODUCT_NAME = "$(TARGET_NAME)";
				TEST_HOST = "$(BUILT_PRODUCTS_DIR)/Tindergram.app/Tindergram";
			};
			name = Release;
		};
/* End XCBuildConfiguration section */

/* Begin XCConfigurationList section */
		055F5B291ACB029D00B0B500 /* Build configuration list for PBXProject "Tindergram" */ = {
			isa = XCConfigurationList;
			buildConfigurations = (
				055F5B4B1ACB029E00B0B500 /* Debug */,
				055F5B4C1ACB029E00B0B500 /* Release */,
			);
			defaultConfigurationIsVisible = 0;
			defaultConfigurationName = Release;
		};
		055F5B4D1ACB029E00B0B500 /* Build configuration list for PBXNativeTarget "Tindergram" */ = {
			isa = XCConfigurationList;
			buildConfigurations = (
				055F5B4E1ACB029E00B0B500 /* Debug */,
				055F5B4F1ACB029E00B0B500 /* Release */,
			);
			defaultConfigurationIsVisible = 0;
			defaultConfigurationName = Release;
		};
		055F5B501ACB029E00B0B500 /* Build configuration list for PBXNativeTarget "TindergramTests" */ = {
			isa = XCConfigurationList;
			buildConfigurations = (
				055F5B511ACB029E00B0B500 /* Debug */,
				055F5B521ACB029E00B0B500 /* Release */,
			);
			defaultConfigurationIsVisible = 0;
			defaultConfigurationName = Release;
		};
/* End XCConfigurationList section */
	};
	rootObject = 055F5B261ACB029D00B0B500 /* Project object */;
}
